
Microsoft Visual Studio Solution File, Format Version 12.00
# Visual Studio Version 16
VisualStudioVersion = 16.0.32002.261
MinimumVisualStudioVersion = 10.0.40219.1
Project("{FAE04EC0-301F-11D3-BF4B-00C04F79EFBC}") = "CommonIntermediateLanguage", "CommonIntermediateLanguage\CommonIntermediateLanguage.csproj", "{7333FBA0-45C4-45EA-A4E6-A23DC48E1022}"
EndProject
Global
	GlobalSection(SolutionConfigurationPlatforms) = preSolution
		Debug|Any CPU = Debug|Any CPU
		Release|Any CPU = Release|Any CPU
	EndGlobalSection
	GlobalSection(ProjectConfigurationPlatforms) = postSolution
		{7333FBA0-45C4-45EA-A4E6-A23DC48E1022}.Debug|Any CPU.ActiveCfg = Debug|Any CPU
		{7333FBA0-45C4-45EA-A4E6-A23DC48E1022}.Debug|Any CPU.Build.0 = Debug|Any CPU
		{7333FBA0-45C4-45EA-A4E6-A23DC48E1022}.Release|Any CPU.ActiveCfg = Release|Any CPU
		{7333FBA0-45C4-45EA-A4E6-A23DC48E1022}.Release|Any CPU.Build.0 = Release|Any CPU
	EndGlobalSection
	GlobalSection(SolutionProperties) = preSolution
		HideSolutionNode = FALSE
	EndGlobalSection
	GlobalSection(ExtensibilityGlobals) = postSolution
		SolutionGuid = {C4F4AAA4-07A9-4DB8-A2FC-88E1EA1E526B}
	EndGlobalSection
EndGlobal
